
Microsoft Visual Studio Solution File, Format Version 12.00
# Visual Studio Version 17
VisualStudioVersion = 17.14.36212.18 d17.14
MinimumVisualStudioVersion = 10.0.40219.1
Project("{FAE04EC0-301F-11D3-BF4B-00C04F79EFBC}") = "Prakt12", "Prakt12\Prakt12.csproj", "{EB1F39BC-92B6-4C16-AA7B-FEE655B76FBA}"
EndProject
Global
	GlobalSection(SolutionConfigurationPlatforms) = preSolution
		Debug|Any CPU = Debug|Any CPU
		Release|Any CPU = Release|Any CPU
	EndGlobalSection
	GlobalSection(ProjectConfigurationPlatforms) = postSolution
		{EB1F39BC-92B6-4C16-AA7B-FEE655B76FBA}.Debug|Any CPU.ActiveCfg = Debug|Any CPU
		{EB1F39BC-92B6-4C16-AA7B-FEE655B76FBA}.Debug|Any CPU.Build.0 = Debug|Any CPU
		{EB1F39BC-92B6-4C16-AA7B-FEE655B76FBA}.Release|Any CPU.ActiveCfg = Release|Any CPU
		{EB1F39BC-92B6-4C16-AA7B-FEE655B76FBA}.Release|Any CPU.Build.0 = Release|Any CPU
	EndGlobalSection
	GlobalSection(SolutionProperties) = preSolution
		HideSolutionNode = FALSE
	EndGlobalSection
	GlobalSection(ExtensibilityGlobals) = postSolution
		SolutionGuid = {C454501D-FE1F-4856-B7F2-C44FEBF46BDE}
	EndGlobalSection
EndGlobal
